// !$*UTF8*$!
{
	archiveVersion = 1;
	classes = {
	};
	objectVersion = 46;
	objects = {

/* Begin PBXBuildFile section */
		436A9B951E6CAC4000CFFCD5 /* Styles.swift in Sources */ = {isa = PBXBuildFile; fileRef = 436A9B941E6CAC4000CFFCD5 /* Styles.swift */; };
		436A9B971E6D14DB00CFFCD5 /* SettingsViewController.swift in Sources */ = {isa = PBXBuildFile; fileRef = 436A9B961E6D14DB00CFFCD5 /* SettingsViewController.swift */; };
		436A9B9A1E6D34D900CFFCD5 /* Store.swift in Sources */ = {isa = PBXBuildFile; fileRef = 436A9B991E6D34D900CFFCD5 /* Store.swift */; };
		436A9B9C1E6E6ACB00CFFCD5 /* SettingsCell.swift in Sources */ = {isa = PBXBuildFile; fileRef = 436A9B9B1E6E6ACB00CFFCD5 /* SettingsCell.swift */; };
		436A9B9E1E6EB51B00CFFCD5 /* ShareCell.swift in Sources */ = {isa = PBXBuildFile; fileRef = 436A9B9D1E6EB51B00CFFCD5 /* ShareCell.swift */; };
		43DFD73D1E67BC2F0066CE36 /* AppDelegate.swift in Sources */ = {isa = PBXBuildFile; fileRef = 43DFD73C1E67BC2F0066CE36 /* AppDelegate.swift */; };
		43DFD73F1E67BC2F0066CE36 /* HomeViewController.swift in Sources */ = {isa = PBXBuildFile; fileRef = 43DFD73E1E67BC2F0066CE36 /* HomeViewController.swift */; };
		43DFD7421E67BC2F0066CE36 /* Main.storyboard in Resources */ = {isa = PBXBuildFile; fileRef = 43DFD7401E67BC2F0066CE36 /* Main.storyboard */; };
		43DFD7441E67BC2F0066CE36 /* Assets.xcassets in Resources */ = {isa = PBXBuildFile; fileRef = 43DFD7431E67BC2F0066CE36 /* Assets.xcassets */; };
		43DFD7471E67BC2F0066CE36 /* LaunchScreen.storyboard in Resources */ = {isa = PBXBuildFile; fileRef = 43DFD7451E67BC2F0066CE36 /* LaunchScreen.storyboard */; };
		43DFD7521E67BC2F0066CE36 /* tipsappTests.swift in Sources */ = {isa = PBXBuildFile; fileRef = 43DFD7511E67BC2F0066CE36 /* tipsappTests.swift */; };
		43DFD75D1E67BC2F0066CE36 /* tipsappUITests.swift in Sources */ = {isa = PBXBuildFile; fileRef = 43DFD75C1E67BC2F0066CE36 /* tipsappUITests.swift */; };
		43DFD76B1E688CC70066CE36 /* PersonSlider.swift in Sources */ = {isa = PBXBuildFile; fileRef = 43DFD76A1E688CC70066CE36 /* PersonSlider.swift */; };
		43DFD7701E6893B30066CE36 /* TGPCamelLabels.swift in Sources */ = {isa = PBXBuildFile; fileRef = 43DFD76C1E6893B30066CE36 /* TGPCamelLabels.swift */; };
		43DFD7711E6893B30066CE36 /* TGPControlsTicksProtocol.swift in Sources */ = {isa = PBXBuildFile; fileRef = 43DFD76E1E6893B30066CE36 /* TGPControlsTicksProtocol.swift */; };
		43DFD7721E6893B30066CE36 /* TGPDiscreteSlider.swift in Sources */ = {isa = PBXBuildFile; fileRef = 43DFD76F1E6893B30066CE36 /* TGPDiscreteSlider.swift */; };
		43FBD1E01E74CC0E00CFB6E4 /* DefaultTipCell.swift in Sources */ = {isa = PBXBuildFile; fileRef = 43FBD1DF1E74CC0E00CFB6E4 /* DefaultTipCell.swift */; };
		5182B6DBE262EE51AE3A4740 /* Pods_tipsapp.framework in Frameworks */ = {isa = PBXBuildFile; fileRef = D438E976E5CACE48F8E3B295 /* Pods_tipsapp.framework */; };
/* End PBXBuildFile section */

/* Begin PBXContainerItemProxy section */
		43DFD74E1E67BC2F0066CE36 /* PBXContainerItemProxy */ = {
			isa = PBXContainerItemProxy;
			containerPortal = 43DFD7311E67BC2E0066CE36 /* Project object */;
			proxyType = 1;
			remoteGlobalIDString = 43DFD7381E67BC2E0066CE36;
			remoteInfo = tipsapp;
		};
		43DFD7591E67BC2F0066CE36 /* PBXContainerItemProxy */ = {
			isa = PBXContainerItemProxy;
			containerPortal = 43DFD7311E67BC2E0066CE36 /* Project object */;
			proxyType = 1;
			remoteGlobalIDString = 43DFD7381E67BC2E0066CE36;
			remoteInfo = tipsapp;
		};
/* End PBXContainerItemProxy section */

/* Begin PBXFileReference section */
		1F6DBFBBDC62F59D7A9F6A01 /* Pods-tipsapp.debug.xcconfig */ = {isa = PBXFileReference; includeInIndex = 1; lastKnownFileType = text.xcconfig; name = "Pods-tipsapp.debug.xcconfig"; path = "Pods/Target Support Files/Pods-tipsapp/Pods-tipsapp.debug.xcconfig"; sourceTree = "<group>"; };
		436A9B941E6CAC4000CFFCD5 /* Styles.swift */ = {isa = PBXFileReference; fileEncoding = 4; lastKnownFileType = sourcecode.swift; path = Styles.swift; sourceTree = "<group>"; };
		436A9B961E6D14DB00CFFCD5 /* SettingsViewController.swift */ = {isa = PBXFileReference; fileEncoding = 4; lastKnownFileType = sourcecode.swift; path = SettingsViewController.swift; sourceTree = "<group>"; };
		436A9B991E6D34D900CFFCD5 /* Store.swift */ = {isa = PBXFileReference; fileEncoding = 4; lastKnownFileType = sourcecode.swift; path = Store.swift; sourceTree = "<group>"; };
		436A9B9B1E6E6ACB00CFFCD5 /* SettingsCell.swift */ = {isa = PBXFileReference; fileEncoding = 4; lastKnownFileType = sourcecode.swift; path = SettingsCell.swift; sourceTree = "<group>"; };
		436A9B9D1E6EB51B00CFFCD5 /* ShareCell.swift */ = {isa = PBXFileReference; fileEncoding = 4; lastKnownFileType = sourcecode.swift; path = ShareCell.swift; sourceTree = "<group>"; };
		43DFD7391E67BC2F0066CE36 /* tipsapp.app */ = {isa = PBXFileReference; explicitFileType = wrapper.application; includeInIndex = 0; path = tipsapp.app; sourceTree = BUILT_PRODUCTS_DIR; };
		43DFD73C1E67BC2F0066CE36 /* AppDelegate.swift */ = {isa = PBXFileReference; lastKnownFileType = sourcecode.swift; path = AppDelegate.swift; sourceTree = "<group>"; };
		43DFD73E1E67BC2F0066CE36 /* HomeViewController.swift */ = {isa = PBXFileReference; lastKnownFileType = sourcecode.swift; path = HomeViewController.swift; sourceTree = "<group>"; };
		43DFD7411E67BC2F0066CE36 /* Base */ = {isa = PBXFileReference; lastKnownFileType = file.storyboard; name = Base; path = Base.lproj/Main.storyboard; sourceTree = "<group>"; };
		43DFD7431E67BC2F0066CE36 /* Assets.xcassets */ = {isa = PBXFileReference; lastKnownFileType = folder.assetcatalog; path = Assets.xcassets; sourceTree = "<group>"; };
		43DFD7461E67BC2F0066CE36 /* Base */ = {isa = PBXFileReference; lastKnownFileType = file.storyboard; name = Base; path = Base.lproj/LaunchScreen.storyboard; sourceTree = "<group>"; };
		43DFD7481E67BC2F0066CE36 /* Info.plist */ = {isa = PBXFileReference; lastKnownFileType = text.plist.xml; path = Info.plist; sourceTree = "<group>"; };
		43DFD74D1E67BC2F0066CE36 /* tipsappTests.xctest */ = {isa = PBXFileReference; explicitFileType = wrapper.cfbundle; includeInIndex = 0; path = tipsappTests.xctest; sourceTree = BUILT_PRODUCTS_DIR; };
		43DFD7511E67BC2F0066CE36 /* tipsappTests.swift */ = {isa = PBXFileReference; lastKnownFileType = sourcecode.swift; path = tipsappTests.swift; sourceTree = "<group>"; };
		43DFD7531E67BC2F0066CE36 /* Info.plist */ = {isa = PBXFileReference; lastKnownFileType = text.plist.xml; path = Info.plist; sourceTree = "<group>"; };
		43DFD7581E67BC2F0066CE36 /* tipsappUITests.xctest */ = {isa = PBXFileReference; explicitFileType = wrapper.cfbundle; includeInIndex = 0; path = tipsappUITests.xctest; sourceTree = BUILT_PRODUCTS_DIR; };
		43DFD75C1E67BC2F0066CE36 /* tipsappUITests.swift */ = {isa = PBXFileReference; lastKnownFileType = sourcecode.swift; path = tipsappUITests.swift; sourceTree = "<group>"; };
		43DFD75E1E67BC2F0066CE36 /* Info.plist */ = {isa = PBXFileReference; lastKnownFileType = text.plist.xml; path = Info.plist; sourceTree = "<group>"; };
		43DFD76A1E688CC70066CE36 /* PersonSlider.swift */ = {isa = PBXFileReference; fileEncoding = 4; lastKnownFileType = sourcecode.swift; path = PersonSlider.swift; sourceTree = "<group>"; };
		43DFD76C1E6893B30066CE36 /* TGPCamelLabels.swift */ = {isa = PBXFileReference; fileEncoding = 4; lastKnownFileType = sourcecode.swift; path = TGPCamelLabels.swift; sourceTree = "<group>"; };
		43DFD76D1E6893B30066CE36 /* TGPControls.h */ = {isa = PBXFileReference; fileEncoding = 4; lastKnownFileType = sourcecode.c.h; path = TGPControls.h; sourceTree = "<group>"; };
		43DFD76E1E6893B30066CE36 /* TGPControlsTicksProtocol.swift */ = {isa = PBXFileReference; fileEncoding = 4; lastKnownFileType = sourcecode.swift; path = TGPControlsTicksProtocol.swift; sourceTree = "<group>"; };
		43DFD76F1E6893B30066CE36 /* TGPDiscreteSlider.swift */ = {isa = PBXFileReference; fileEncoding = 4; lastKnownFileType = sourcecode.swift; path = TGPDiscreteSlider.swift; sourceTree = "<group>"; };
		43FBD1DF1E74CC0E00CFB6E4 /* DefaultTipCell.swift */ = {isa = PBXFileReference; fileEncoding = 4; lastKnownFileType = sourcecode.swift; path = DefaultTipCell.swift; sourceTree = "<group>"; };
		4BA33C6953CCB8BC94BC208B /* Pods-tipsapp.release.xcconfig */ = {isa = PBXFileReference; includeInIndex = 1; lastKnownFileType = text.xcconfig; name = "Pods-tipsapp.release.xcconfig"; path = "Pods/Target Support Files/Pods-tipsapp/Pods-tipsapp.release.xcconfig"; sourceTree = "<group>"; };
		D438E976E5CACE48F8E3B295 /* Pods_tipsapp.framework */ = {isa = PBXFileReference; explicitFileType = wrapper.framework; includeInIndex = 0; path = Pods_tipsapp.framework; sourceTree = BUILT_PRODUCTS_DIR; };
/* End PBXFileReference section */

/* Begin PBXFrameworksBuildPhase section */
		43DFD7361E67BC2E0066CE36 /* Frameworks */ = {
			isa = PBXFrameworksBuildPhase;
			buildActionMask = 2147483647;
			files = (
				5182B6DBE262EE51AE3A4740 /* Pods_tipsapp.framework in Frameworks */,
			);
			runOnlyForDeploymentPostprocessing = 0;
		};
		43DFD74A1E67BC2F0066CE36 /* Frameworks */ = {
			isa = PBXFrameworksBuildPhase;
			buildActionMask = 2147483647;
			files = (
			);
			runOnlyForDeploymentPostprocessing = 0;
		};
		43DFD7551E67BC2F0066CE36 /* Frameworks */ = {
			isa = PBXFrameworksBuildPhase;
			buildActionMask = 2147483647;
			files = (
			);
			runOnlyForDeploymentPostprocessing = 0;
		};
/* End PBXFrameworksBuildPhase section */

/* Begin PBXGroup section */
		2CDEBF1C1E05596C90E3451E /* Pods */ = {
			isa = PBXGroup;
			children = (
				1F6DBFBBDC62F59D7A9F6A01 /* Pods-tipsapp.debug.xcconfig */,
				4BA33C6953CCB8BC94BC208B /* Pods-tipsapp.release.xcconfig */,
			);
			name = Pods;
			sourceTree = "<group>";
		};
		436A9B911E6C79E300CFFCD5 /* controllers */ = {
			isa = PBXGroup;
			children = (
				43DFD73E1E67BC2F0066CE36 /* HomeViewController.swift */,
				436A9B961E6D14DB00CFFCD5 /* SettingsViewController.swift */,
			);
			name = controllers;
			sourceTree = "<group>";
		};
		436A9B921E6C7A0200CFFCD5 /* otherlibs */ = {
			isa = PBXGroup;
			children = (
				43DFD76C1E6893B30066CE36 /* TGPCamelLabels.swift */,
				43DFD76D1E6893B30066CE36 /* TGPControls.h */,
				43DFD76E1E6893B30066CE36 /* TGPControlsTicksProtocol.swift */,
				43DFD76F1E6893B30066CE36 /* TGPDiscreteSlider.swift */,
			);
			name = otherlibs;
			sourceTree = "<group>";
		};
		436A9B931E6C7A1900CFFCD5 /* uicontrols */ = {
			isa = PBXGroup;
			children = (
				43DFD76A1E688CC70066CE36 /* PersonSlider.swift */,
				436A9B941E6CAC4000CFFCD5 /* Styles.swift */,
				436A9B9B1E6E6ACB00CFFCD5 /* SettingsCell.swift */,
				436A9B9D1E6EB51B00CFFCD5 /* ShareCell.swift */,
				43FBD1DF1E74CC0E00CFB6E4 /* DefaultTipCell.swift */,
			);
			name = uicontrols;
			sourceTree = "<group>";
		};
		436A9B981E6D34B400CFFCD5 /* store */ = {
			isa = PBXGroup;
			children = (
				436A9B991E6D34D900CFFCD5 /* Store.swift */,
			);
			name = store;
			sourceTree = "<group>";
		};
		43DFD7301E67BC2E0066CE36 = {
			isa = PBXGroup;
			children = (
				43DFD73B1E67BC2F0066CE36 /* tipsapp */,
				43DFD7501E67BC2F0066CE36 /* tipsappTests */,
				43DFD75B1E67BC2F0066CE36 /* tipsappUITests */,
				43DFD73A1E67BC2F0066CE36 /* Products */,
				2CDEBF1C1E05596C90E3451E /* Pods */,
				D6B0CF231EE2BA3398318BDE /* Frameworks */,
			);
			sourceTree = "<group>";
		};
		43DFD73A1E67BC2F0066CE36 /* Products */ = {
			isa = PBXGroup;
			children = (
				43DFD7391E67BC2F0066CE36 /* tipsapp.app */,
				43DFD74D1E67BC2F0066CE36 /* tipsappTests.xctest */,
				43DFD7581E67BC2F0066CE36 /* tipsappUITests.xctest */,
			);
			name = Products;
			sourceTree = "<group>";
		};
		43DFD73B1E67BC2F0066CE36 /* tipsapp */ = {
			isa = PBXGroup;
			children = (
				436A9B981E6D34B400CFFCD5 /* store */,
				436A9B911E6C79E300CFFCD5 /* controllers */,
				436A9B931E6C7A1900CFFCD5 /* uicontrols */,
				436A9B921E6C7A0200CFFCD5 /* otherlibs */,
				43DFD73C1E67BC2F0066CE36 /* AppDelegate.swift */,
				43DFD7401E67BC2F0066CE36 /* Main.storyboard */,
				43DFD7431E67BC2F0066CE36 /* Assets.xcassets */,
				43DFD7451E67BC2F0066CE36 /* LaunchScreen.storyboard */,
				43DFD7481E67BC2F0066CE36 /* Info.plist */,
			);
			path = tipsapp;
			sourceTree = "<group>";
		};
		43DFD7501E67BC2F0066CE36 /* tipsappTests */ = {
			isa = PBXGroup;
			children = (
				43DFD7511E67BC2F0066CE36 /* tipsappTests.swift */,
				43DFD7531E67BC2F0066CE36 /* Info.plist */,
			);
			path = tipsappTests;
			sourceTree = "<group>";
		};
		43DFD75B1E67BC2F0066CE36 /* tipsappUITests */ = {
			isa = PBXGroup;
			children = (
				43DFD75C1E67BC2F0066CE36 /* tipsappUITests.swift */,
				43DFD75E1E67BC2F0066CE36 /* Info.plist */,
			);
			path = tipsappUITests;
			sourceTree = "<group>";
		};
		D6B0CF231EE2BA3398318BDE /* Frameworks */ = {
			isa = PBXGroup;
			children = (
				D438E976E5CACE48F8E3B295 /* Pods_tipsapp.framework */,
			);
			name = Frameworks;
			sourceTree = "<group>";
		};
/* End PBXGroup section */

/* Begin PBXNativeTarget section */
		43DFD7381E67BC2E0066CE36 /* tipsapp */ = {
			isa = PBXNativeTarget;
			buildConfigurationList = 43DFD7611E67BC2F0066CE36 /* Build configuration list for PBXNativeTarget "tipsapp" */;
			buildPhases = (
				186856D4D086602F06DAC6FC /* [CP] Check Pods Manifest.lock */,
				43DFD7351E67BC2E0066CE36 /* Sources */,
				43DFD7361E67BC2E0066CE36 /* Frameworks */,
				43DFD7371E67BC2E0066CE36 /* Resources */,
				71A4BDF9CB7EF531FAAC9F93 /* [CP] Embed Pods Frameworks */,
				D43BF3CE70E0839DFDC5771E /* [CP] Copy Pods Resources */,
			);
			buildRules = (
			);
			dependencies = (
			);
			name = tipsapp;
			productName = tipsapp;
			productReference = 43DFD7391E67BC2F0066CE36 /* tipsapp.app */;
			productType = "com.apple.product-type.application";
		};
		43DFD74C1E67BC2F0066CE36 /* tipsappTests */ = {
			isa = PBXNativeTarget;
			buildConfigurationList = 43DFD7641E67BC2F0066CE36 /* Build configuration list for PBXNativeTarget "tipsappTests" */;
			buildPhases = (
				43DFD7491E67BC2F0066CE36 /* Sources */,
				43DFD74A1E67BC2F0066CE36 /* Frameworks */,
				43DFD74B1E67BC2F0066CE36 /* Resources */,
			);
			buildRules = (
			);
			dependencies = (
				43DFD74F1E67BC2F0066CE36 /* PBXTargetDependency */,
			);
			name = tipsappTests;
			productName = tipsappTests;
			productReference = 43DFD74D1E67BC2F0066CE36 /* tipsappTests.xctest */;
			productType = "com.apple.product-type.bundle.unit-test";
		};
		43DFD7571E67BC2F0066CE36 /* tipsappUITests */ = {
			isa = PBXNativeTarget;
			buildConfigurationList = 43DFD7671E67BC2F0066CE36 /* Build configuration list for PBXNativeTarget "tipsappUITests" */;
			buildPhases = (
				43DFD7541E67BC2F0066CE36 /* Sources */,
				43DFD7551E67BC2F0066CE36 /* Frameworks */,
				43DFD7561E67BC2F0066CE36 /* Resources */,
			);
			buildRules = (
			);
			dependencies = (
				43DFD75A1E67BC2F0066CE36 /* PBXTargetDependency */,
			);
			name = tipsappUITests;
			productName = tipsappUITests;
			productReference = 43DFD7581E67BC2F0066CE36 /* tipsappUITests.xctest */;
			productType = "com.apple.product-type.bundle.ui-testing";
		};
/* End PBXNativeTarget section */

/* Begin PBXProject section */
		43DFD7311E67BC2E0066CE36 /* Project object */ = {
			isa = PBXProject;
			attributes = {
				LastSwiftUpdateCheck = 0820;
				LastUpgradeCheck = 0820;
				ORGANIZATIONNAME = CK;
				TargetAttributes = {
					43DFD7381E67BC2E0066CE36 = {
						CreatedOnToolsVersion = 8.2.1;
						ProvisioningStyle = Automatic;
					};
					43DFD74C1E67BC2F0066CE36 = {
						CreatedOnToolsVersion = 8.2.1;
						ProvisioningStyle = Automatic;
						TestTargetID = 43DFD7381E67BC2E0066CE36;
					};
					43DFD7571E67BC2F0066CE36 = {
						CreatedOnToolsVersion = 8.2.1;
						ProvisioningStyle = Automatic;
						TestTargetID = 43DFD7381E67BC2E0066CE36;
					};
				};
			};
			buildConfigurationList = 43DFD7341E67BC2E0066CE36 /* Build configuration list for PBXProject "tipsapp" */;
			compatibilityVersion = "Xcode 3.2";
			developmentRegion = English;
			hasScannedForEncodings = 0;
			knownRegions = (
				en,
				Base,
			);
			mainGroup = 43DFD7301E67BC2E0066CE36;
			productRefGroup = 43DFD73A1E67BC2F0066CE36 /* Products */;
			projectDirPath = "";
			projectRoot = "";
			targets = (
				43DFD7381E67BC2E0066CE36 /* tipsapp */,
				43DFD74C1E67BC2F0066CE36 /* tipsappTests */,
				43DFD7571E67BC2F0066CE36 /* tipsappUITests */,
			);
		};
/* End PBXProject section */

/* Begin PBXResourcesBuildPhase section */
		43DFD7371E67BC2E0066CE36 /* Resources */ = {
			isa = PBXResourcesBuildPhase;
			buildActionMask = 2147483647;
			files = (
				43DFD7471E67BC2F0066CE36 /* LaunchScreen.storyboard in Resources */,
				43DFD7441E67BC2F0066CE36 /* Assets.xcassets in Resources */,
				43DFD7421E67BC2F0066CE36 /* Main.storyboard in Resources */,
			);
			runOnlyForDeploymentPostprocessing = 0;
		};
		43DFD74B1E67BC2F0066CE36 /* Resources */ = {
			isa = PBXResourcesBuildPhase;
			buildActionMask = 2147483647;
			files = (
			);
			runOnlyForDeploymentPostprocessing = 0;
		};
		43DFD7561E67BC2F0066CE36 /* Resources */ = {
			isa = PBXResourcesBuildPhase;
			buildActionMask = 2147483647;
			files = (
			);
			runOnlyForDeploymentPostprocessing = 0;
		};
/* End PBXResourcesBuildPhase section */

/* Begin PBXShellScriptBuildPhase section */
		186856D4D086602F06DAC6FC /* [CP] Check Pods Manifest.lock */ = {
			isa = PBXShellScriptBuildPhase;
			buildActionMask = 2147483647;
			files = (
			);
			inputPaths = (
			);
			name = "[CP] Check Pods Manifest.lock";
			outputPaths = (
			);
			runOnlyForDeploymentPostprocessing = 0;
			shellPath = /bin/sh;
			shellScript = "diff \"${PODS_ROOT}/../Podfile.lock\" \"${PODS_ROOT}/Manifest.lock\" > /dev/null\nif [ $? != 0 ] ; then\n    # print error to STDERR\n    echo \"error: The sandbox is not in sync with the Podfile.lock. Run 'pod install' or update your CocoaPods installation.\" >&2\n    exit 1\nfi\n";
			showEnvVarsInLog = 0;
		};
		71A4BDF9CB7EF531FAAC9F93 /* [CP] Embed Pods Frameworks */ = {
			isa = PBXShellScriptBuildPhase;
			buildActionMask = 2147483647;
			files = (
			);
			inputPaths = (
			);
			name = "[CP] Embed Pods Frameworks";
			outputPaths = (
			);
			runOnlyForDeploymentPostprocessing = 0;
			shellPath = /bin/sh;
			shellScript = "\"${SRCROOT}/Pods/Target Support Files/Pods-tipsapp/Pods-tipsapp-frameworks.sh\"\n";
			showEnvVarsInLog = 0;
		};
		D43BF3CE70E0839DFDC5771E /* [CP] Copy Pods Resources */ = {
			isa = PBXShellScriptBuildPhase;
			buildActionMask = 2147483647;
			files = (
			);
			inputPaths = (
			);
			name = "[CP] Copy Pods Resources";
			outputPaths = (
			);
			runOnlyForDeploymentPostprocessing = 0;
			shellPath = /bin/sh;
			shellScript = "\"${SRCROOT}/Pods/Target Support Files/Pods-tipsapp/Pods-tipsapp-resources.sh\"\n";
			showEnvVarsInLog = 0;
		};
/* End PBXShellScriptBuildPhase section */

/* Begin PBXSourcesBuildPhase section */
		43DFD7351E67BC2E0066CE36 /* Sources */ = {
			isa = PBXSourcesBuildPhase;
			buildActionMask = 2147483647;
			files = (
				436A9B9E1E6EB51B00CFFCD5 /* ShareCell.swift in Sources */,
				43DFD7711E6893B30066CE36 /* TGPControlsTicksProtocol.swift in Sources */,
				436A9B951E6CAC4000CFFCD5 /* Styles.swift in Sources */,
				43DFD73F1E67BC2F0066CE36 /* HomeViewController.swift in Sources */,
				436A9B9A1E6D34D900CFFCD5 /* Store.swift in Sources */,
				43FBD1E01E74CC0E00CFB6E4 /* DefaultTipCell.swift in Sources */,
				436A9B9C1E6E6ACB00CFFCD5 /* SettingsCell.swift in Sources */,
				43DFD76B1E688CC70066CE36 /* PersonSlider.swift in Sources */,
				43DFD7721E6893B30066CE36 /* TGPDiscreteSlider.swift in Sources */,
				43DFD73D1E67BC2F0066CE36 /* AppDelegate.swift in Sources */,
				43DFD7701E6893B30066CE36 /* TGPCamelLabels.swift in Sources */,
				436A9B971E6D14DB00CFFCD5 /* SettingsViewController.swift in Sources */,
			);
			runOnlyForDeploymentPostprocessing = 0;
		};
		43DFD7491E67BC2F0066CE36 /* Sources */ = {
			isa = PBXSourcesBuildPhase;
			buildActionMask = 2147483647;
			files = (
				43DFD7521E67BC2F0066CE36 /* tipsappTests.swift in Sources */,
			);
			runOnlyForDeploymentPostprocessing = 0;
		};
		43DFD7541E67BC2F0066CE36 /* Sources */ = {
			isa = PBXSourcesBuildPhase;
			buildActionMask = 2147483647;
			files = (
				43DFD75D1E67BC2F0066CE36 /* tipsappUITests.swift in Sources */,
			);
			runOnlyForDeploymentPostprocessing = 0;
		};
/* End PBXSourcesBuildPhase section */

/* Begin PBXTargetDependency section */
		43DFD74F1E67BC2F0066CE36 /* PBXTargetDependency */ = {
			isa = PBXTargetDependency;
			target = 43DFD7381E67BC2E0066CE36 /* tipsapp */;
			targetProxy = 43DFD74E1E67BC2F0066CE36 /* PBXContainerItemProxy */;
		};
		43DFD75A1E67BC2F0066CE36 /* PBXTargetDependency */ = {
			isa = PBXTargetDependency;
			target = 43DFD7381E67BC2E0066CE36 /* tipsapp */;
			targetProxy = 43DFD7591E67BC2F0066CE36 /* PBXContainerItemProxy */;
		};
/* End PBXTargetDependency section */

/* Begin PBXVariantGroup section */
		43DFD7401E67BC2F0066CE36 /* Main.storyboard */ = {
			isa = PBXVariantGroup;
			children = (
				43DFD7411E67BC2F0066CE36 /* Base */,
			);
			name = Main.storyboard;
			sourceTree = "<group>";
		};
		43DFD7451E67BC2F0066CE36 /* LaunchScreen.storyboard */ = {
			isa = PBXVariantGroup;
			children = (
				43DFD7461E67BC2F0066CE36 /* Base */,
			);
			name = LaunchScreen.storyboard;
			sourceTree = "<group>";
		};
/* End PBXVariantGroup section */

/* Begin XCBuildConfiguration section */
		43DFD75F1E67BC2F0066CE36 /* Debug */ = {
			isa = XCBuildConfiguration;
			buildSettings = {
				ALWAYS_SEARCH_USER_PATHS = NO;
				CLANG_ANALYZER_NONNULL = YES;
				CLANG_CXX_LANGUAGE_STANDARD = "gnu++0x";
				CLANG_CXX_LIBRARY = "libc++";
				CLANG_ENABLE_MODULES = YES;
				CLANG_ENABLE_OBJC_ARC = YES;
				CLANG_WARN_BOOL_CONVERSION = YES;
				CLANG_WARN_CONSTANT_CONVERSION = YES;
				CLANG_WARN_DIRECT_OBJC_ISA_USAGE = YES_ERROR;
				CLANG_WARN_DOCUMENTATION_COMMENTS = YES;
				CLANG_WARN_EMPTY_BODY = YES;
				CLANG_WARN_ENUM_CONVERSION = YES;
				CLANG_WARN_INFINITE_RECURSION = YES;
				CLANG_WARN_INT_CONVERSION = YES;
				CLANG_WARN_OBJC_ROOT_CLASS = YES_ERROR;
				CLANG_WARN_SUSPICIOUS_MOVE = YES;
				CLANG_WARN_UNREACHABLE_CODE = YES;
				CLANG_WARN__DUPLICATE_METHOD_MATCH = YES;
				"CODE_SIGN_IDENTITY[sdk=iphoneos*]" = "iPhone Developer";
				COPY_PHASE_STRIP = NO;
				DEBUG_INFORMATION_FORMAT = dwarf;
				ENABLE_STRICT_OBJC_MSGSEND = YES;
				ENABLE_TESTABILITY = YES;
				GCC_C_LANGUAGE_STANDARD = gnu99;
				GCC_DYNAMIC_NO_PIC = NO;
				GCC_NO_COMMON_BLOCKS = YES;
				GCC_OPTIMIZATION_LEVEL = 0;
				GCC_PREPROCESSOR_DEFINITIONS = (
					"DEBUG=1",
					"$(inherited)",
				);
				GCC_WARN_64_TO_32_BIT_CONVERSION = YES;
				GCC_WARN_ABOUT_RETURN_TYPE = YES_ERROR;
				GCC_WARN_UNDECLARED_SELECTOR = YES;
				GCC_WARN_UNINITIALIZED_AUTOS = YES_AGGRESSIVE;
				GCC_WARN_UNUSED_FUNCTION = YES;
				GCC_WARN_UNUSED_VARIABLE = YES;
				IPHONEOS_DEPLOYMENT_TARGET = 10.2;
				MTL_ENABLE_DEBUG_INFO = YES;
				ONLY_ACTIVE_ARCH = YES;
				PRODUCT_NAME = TIPSAPP;
				SDKROOT = iphoneos;
				SWIFT_ACTIVE_COMPILATION_CONDITIONS = DEBUG;
				SWIFT_OPTIMIZATION_LEVEL = "-Onone";
				TARGETED_DEVICE_FAMILY = "1,2";
			};
			name = Debug;
		};
		43DFD7601E67BC2F0066CE36 /* Release */ = {
			isa = XCBuildConfiguration;
			buildSettings = {
				ALWAYS_SEARCH_USER_PATHS = NO;
				CLANG_ANALYZER_NONNULL = YES;
				CLANG_CXX_LANGUAGE_STANDARD = "gnu++0x";
				CLANG_CXX_LIBRARY = "libc++";
				CLANG_ENABLE_MODULES = YES;
				CLANG_ENABLE_OBJC_ARC = YES;
				CLANG_WARN_BOOL_CONVERSION = YES;
				CLANG_WARN_CONSTANT_CONVERSION = YES;
				CLANG_WARN_DIRECT_OBJC_ISA_USAGE = YES_ERROR;
				CLANG_WARN_DOCUMENTATION_COMMENTS = YES;
				CLANG_WARN_EMPTY_BODY = YES;
				CLANG_WARN_ENUM_CONVERSION = YES;
				CLANG_WARN_INFINITE_RECURSION = YES;
				CLANG_WARN_INT_CONVERSION = YES;
				CLANG_WARN_OBJC_ROOT_CLASS = YES_ERROR;
				CLANG_WARN_SUSPICIOUS_MOVE = YES;
				CLANG_WARN_UNREACHABLE_CODE = YES;
				CLANG_WARN__DUPLICATE_METHOD_MATCH = YES;
				"CODE_SIGN_IDENTITY[sdk=iphoneos*]" = "iPhone Developer";
				COPY_PHASE_STRIP = NO;
				DEBUG_INFORMATION_FORMAT = "dwarf-with-dsym";
				ENABLE_NS_ASSERTIONS = NO;
				ENABLE_STRICT_OBJC_MSGSEND = YES;
				GCC_C_LANGUAGE_STANDARD = gnu99;
				GCC_NO_COMMON_BLOCKS = YES;
				GCC_WARN_64_TO_32_BIT_CONVERSION = YES;
				GCC_WARN_ABOUT_RETURN_TYPE = YES_ERROR;
				GCC_WARN_UNDECLARED_SELECTOR = YES;
				GCC_WARN_UNINITIALIZED_AUTOS = YES_AGGRESSIVE;
				GCC_WARN_UNUSED_FUNCTION = YES;
				GCC_WARN_UNUSED_VARIABLE = YES;
				IPHONEOS_DEPLOYMENT_TARGET = 10.2;
				MTL_ENABLE_DEBUG_INFO = NO;
				PRODUCT_NAME = TIPSAPP;
				SDKROOT = iphoneos;
				SWIFT_OPTIMIZATION_LEVEL = "-Owholemodule";
				TARGETED_DEVICE_FAMILY = "1,2";
				VALIDATE_PRODUCT = YES;
			};
			name = Release;
		};
		43DFD7621E67BC2F0066CE36 /* Debug */ = {
			isa = XCBuildConfiguration;
			baseConfigurationReference = 1F6DBFBBDC62F59D7A9F6A01 /* Pods-tipsapp.debug.xcconfig */;
			buildSettings = {
				ASSETCATALOG_COMPILER_APPICON_NAME = AppIcon;
				DEVELOPMENT_TEAM = "";
				INFOPLIST_FILE = tipsapp/Info.plist;
				LD_RUNPATH_SEARCH_PATHS = "$(inherited) @executable_path/Frameworks";
				OTHER_LDFLAGS = "";
				PRODUCT_BUNDLE_IDENTIFIER = ck.tipsapp;
				PRODUCT_NAME = "$(TARGET_NAME)";
				SWIFT_OBJC_BRIDGING_HEADER = "";
				SWIFT_VERSION = 3.0;
			};
			name = Debug;
		};
		43DFD7631E67BC2F0066CE36 /* Release */ = {
			isa = XCBuildConfiguration;
			baseConfigurationReference = 4BA33C6953CCB8BC94BC208B /* Pods-tipsapp.release.xcconfig */;
			buildSettings = {
				ASSETCATALOG_COMPILER_APPICON_NAME = AppIcon;
				DEVELOPMENT_TEAM = "";
				INFOPLIST_FILE = tipsapp/Info.plist;
				LD_RUNPATH_SEARCH_PATHS = "$(inherited) @executable_path/Frameworks";
				OTHER_LDFLAGS = "";
				PRODUCT_BUNDLE_IDENTIFIER = ck.tipsapp;
				PRODUCT_NAME = "$(TARGET_NAME)";
				SWIFT_OBJC_BRIDGING_HEADER = "";
				SWIFT_VERSION = 3.0;
			};
			name = Release;
		};
		43DFD7651E67BC2F0066CE36 /* Debug */ = {
			isa = XCBuildConfiguration;
			buildSettings = {
				ALWAYS_EMBED_SWIFT_STANDARD_LIBRARIES = YES;
				BUNDLE_LOADER = "$(TEST_HOST)";
				INFOPLIST_FILE = tipsappTests/Info.plist;
				LD_RUNPATH_SEARCH_PATHS = "$(inherited) @executable_path/Frameworks @loader_path/Frameworks";
				PRODUCT_BUNDLE_IDENTIFIER = ck.tipsappTests;
				PRODUCT_NAME = "$(TARGET_NAME)";
				SWIFT_VERSION = 3.0;
				TEST_HOST = "$(BUILT_PRODUCTS_DIR)/tipsapp.app/tipsapp";
			};
			name = Debug;
		};
		43DFD7661E67BC2F0066CE36 /* Release */ = {
			isa = XCBuildConfiguration;
			buildSettings = {
				ALWAYS_EMBED_SWIFT_STANDARD_LIBRARIES = YES;
				BUNDLE_LOADER = "$(TEST_HOST)";
				INFOPLIST_FILE = tipsappTests/Info.plist;
				LD_RUNPATH_SEARCH_PATHS = "$(inherited) @executable_path/Frameworks @loader_path/Frameworks";
				PRODUCT_BUNDLE_IDENTIFIER = ck.tipsappTests;
				PRODUCT_NAME = "$(TARGET_NAME)";
				SWIFT_VERSION = 3.0;
				TEST_HOST = "$(BUILT_PRODUCTS_DIR)/tipsapp.app/tipsapp";
			};
			name = Release;
		};
		43DFD7681E67BC2F0066CE36 /* Debug */ = {
			isa = XCBuildConfiguration;
			buildSettings = {
				ALWAYS_EMBED_SWIFT_STANDARD_LIBRARIES = YES;
				INFOPLIST_FILE = tipsappUITests/Info.plist;
				LD_RUNPATH_SEARCH_PATHS = "$(inherited) @executable_path/Frameworks @loader_path/Frameworks";
				PRODUCT_BUNDLE_IDENTIFIER = ck.tipsappUITests;
				PRODUCT_NAME = "$(TARGET_NAME)";
				SWIFT_VERSION = 3.0;
				TEST_TARGET_NAME = tipsapp;
			};
			name = Debug;
		};
		43DFD7691E67BC2F0066CE36 /* Release */ = {
			isa = XCBuildConfiguration;
			buildSettings = {
				ALWAYS_EMBED_SWIFT_STANDARD_LIBRARIES = YES;
				INFOPLIST_FILE = tipsappUITests/Info.plist;
				LD_RUNPATH_SEARCH_PATHS = "$(inherited) @executable_path/Frameworks @loader_path/Frameworks";
				PRODUCT_BUNDLE_IDENTIFIER = ck.tipsappUITests;
				PRODUCT_NAME = "$(TARGET_NAME)";
				SWIFT_VERSION = 3.0;
				TEST_TARGET_NAME = tipsapp;
			};
			name = Release;
		};
/* End XCBuildConfiguration section */

/* Begin XCConfigurationList section */
		43DFD7341E67BC2E0066CE36 /* Build configuration list for PBXProject "tipsapp" */ = {
			isa = XCConfigurationList;
			buildConfigurations = (
				43DFD75F1E67BC2F0066CE36 /* Debug */,
				43DFD7601E67BC2F0066CE36 /* Release */,
			);
			defaultConfigurationIsVisible = 0;
			defaultConfigurationName = Release;
		};
		43DFD7611E67BC2F0066CE36 /* Build configuration list for PBXNativeTarget "tipsapp" */ = {
			isa = XCConfigurationList;
			buildConfigurations = (
				43DFD7621E67BC2F0066CE36 /* Debug */,
				43DFD7631E67BC2F0066CE36 /* Release */,
			);
			defaultConfigurationIsVisible = 0;
			defaultConfigurationName = Release;
		};
		43DFD7641E67BC2F0066CE36 /* Build configuration list for PBXNativeTarget "tipsappTests" */ = {
			isa = XCConfigurationList;
			buildConfigurations = (
				43DFD7651E67BC2F0066CE36 /* Debug */,
				43DFD7661E67BC2F0066CE36 /* Release */,
			);
			defaultConfigurationIsVisible = 0;
			defaultConfigurationName = Release;
		};
		43DFD7671E67BC2F0066CE36 /* Build configuration list for PBXNativeTarget "tipsappUITests" */ = {
			isa = XCConfigurationList;
			buildConfigurations = (
				43DFD7681E67BC2F0066CE36 /* Debug */,
				43DFD7691E67BC2F0066CE36 /* Release */,
			);
			defaultConfigurationIsVisible = 0;
			defaultConfigurationName = Release;
		};
/* End XCConfigurationList section */
	};
	rootObject = 43DFD7311E67BC2E0066CE36 /* Project object */;
}
